
Microsoft Visual Studio Solution File, Format Version 12.00
# Visual Studio Version 16
VisualStudioVersion = 16.0.30330.147
MinimumVisualStudioVersion = 10.0.40219.1
Project("{9A19103F-16F7-4668-BE54-9A1E7A4F7556}") = "BlazorPrueba", "BlazorPrueba.csproj", "{95034A2F-28C8-48AB-8CA7-F5385C5B83D0}"
EndProject
Global
	GlobalSection(SolutionConfigurationPlatforms) = preSolution
		Debug|Any CPU = Debug|Any CPU
		Release|Any CPU = Release|Any CPU
	EndGlobalSection
	GlobalSection(ProjectConfigurationPlatforms) = postSolution
		{95034A2F-28C8-48AB-8CA7-F5385C5B83D0}.Debug|Any CPU.ActiveCfg = Debug|Any CPU
		{95034A2F-28C8-48AB-8CA7-F5385C5B83D0}.Debug|Any CPU.Build.0 = Debug|Any CPU
		{95034A2F-28C8-48AB-8CA7-F5385C5B83D0}.Release|Any CPU.ActiveCfg = Release|Any CPU
		{95034A2F-28C8-48AB-8CA7-F5385C5B83D0}.Release|Any CPU.Build.0 = Release|Any CPU
	EndGlobalSection
	GlobalSection(SolutionProperties) = preSolution
		HideSolutionNode = FALSE
	EndGlobalSection
	GlobalSection(ExtensibilityGlobals) = postSolution
		SolutionGuid = {04E42A9B-53E1-47CB-838E-62E4141676B0}
	EndGlobalSection
EndGlobal
